
Microsoft Visual Studio Solution File, Format Version 12.00
Project("{FAE04EC0-301F-11D3-BF4B-00C04F79EFBC}") = "Cami.Runner", "Cami.Runner\Cami.Runner.csproj", "{5D927F53-8BA2-4407-8756-3DDE2206E6D6}"
EndProject
Project("{2150E333-8FDC-42A3-9474-1A3956D46DE8}") = "Solution Items", "Solution Items", "{FA63D953-2388-4BF0-9A7B-E42C0EE85777}"
	ProjectSection(SolutionItems) = preProject
		docker-compose.yml = docker-compose.yml
		TODO.txt = TODO.txt
	EndProjectSection
EndProject
Project("{FAE04EC0-301F-11D3-BF4B-00C04F79EFBC}") = "Cami.Core", "Cami.Core\Cami.Core.csproj", "{453B83F9-B707-429E-8B7D-78F14E543CE2}"
EndProject
Project("{FAE04EC0-301F-11D3-BF4B-00C04F79EFBC}") = "Cami.Infra", "Cami.Infra\Cami.Infra.csproj", "{20FAEDE8-753F-457F-A6A6-CBA89C9E0927}"
EndProject
Project("{FAE04EC0-301F-11D3-BF4B-00C04F79EFBC}") = "Cami.Photo", "Cami.Photo\Cami.Photo.csproj", "{664E602B-F408-4DA4-BE80-6DD2FCB5FFEF}"
EndProject
Project("{FAE04EC0-301F-11D3-BF4B-00C04F79EFBC}") = "Cami.Recognize", "Cami.Recognize\Cami.Recognize.csproj", "{704C003A-CD7B-4C4E-9E93-5421F3FE05E7}"
EndProject
Project("{FAE04EC0-301F-11D3-BF4B-00C04F79EFBC}") = "Cami.Recognize.Tests", "Cami.Recognize.Tests\Cami.Recognize.Tests.csproj", "{DC9699B1-B851-43D8-9B79-AA7B3CAEB491}"
EndProject
Project("{FAE04EC0-301F-11D3-BF4B-00C04F79EFBC}") = "Cami.Capture", "Cami.Capture\Cami.Capture.csproj", "{3228B065-E0DD-4369-9B11-122B4DE29178}"
EndProject
Global
	GlobalSection(SolutionConfigurationPlatforms) = preSolution
		Debug|Any CPU = Debug|Any CPU
		Release|Any CPU = Release|Any CPU
	EndGlobalSection
	GlobalSection(ProjectConfigurationPlatforms) = postSolution
		{5D927F53-8BA2-4407-8756-3DDE2206E6D6}.Debug|Any CPU.ActiveCfg = Debug|Any CPU
		{5D927F53-8BA2-4407-8756-3DDE2206E6D6}.Debug|Any CPU.Build.0 = Debug|Any CPU
		{5D927F53-8BA2-4407-8756-3DDE2206E6D6}.Release|Any CPU.ActiveCfg = Release|Any CPU
		{5D927F53-8BA2-4407-8756-3DDE2206E6D6}.Release|Any CPU.Build.0 = Release|Any CPU
		{453B83F9-B707-429E-8B7D-78F14E543CE2}.Debug|Any CPU.ActiveCfg = Debug|Any CPU
		{453B83F9-B707-429E-8B7D-78F14E543CE2}.Debug|Any CPU.Build.0 = Debug|Any CPU
		{453B83F9-B707-429E-8B7D-78F14E543CE2}.Release|Any CPU.ActiveCfg = Release|Any CPU
		{453B83F9-B707-429E-8B7D-78F14E543CE2}.Release|Any CPU.Build.0 = Release|Any CPU
		{20FAEDE8-753F-457F-A6A6-CBA89C9E0927}.Debug|Any CPU.ActiveCfg = Debug|Any CPU
		{20FAEDE8-753F-457F-A6A6-CBA89C9E0927}.Debug|Any CPU.Build.0 = Debug|Any CPU
		{20FAEDE8-753F-457F-A6A6-CBA89C9E0927}.Release|Any CPU.ActiveCfg = Release|Any CPU
		{20FAEDE8-753F-457F-A6A6-CBA89C9E0927}.Release|Any CPU.Build.0 = Release|Any CPU
		{664E602B-F408-4DA4-BE80-6DD2FCB5FFEF}.Debug|Any CPU.ActiveCfg = Debug|Any CPU
		{664E602B-F408-4DA4-BE80-6DD2FCB5FFEF}.Debug|Any CPU.Build.0 = Debug|Any CPU
		{664E602B-F408-4DA4-BE80-6DD2FCB5FFEF}.Release|Any CPU.ActiveCfg = Release|Any CPU
		{664E602B-F408-4DA4-BE80-6DD2FCB5FFEF}.Release|Any CPU.Build.0 = Release|Any CPU
		{704C003A-CD7B-4C4E-9E93-5421F3FE05E7}.Debug|Any CPU.ActiveCfg = Debug|Any CPU
		{704C003A-CD7B-4C4E-9E93-5421F3FE05E7}.Debug|Any CPU.Build.0 = Debug|Any CPU
		{704C003A-CD7B-4C4E-9E93-5421F3FE05E7}.Release|Any CPU.ActiveCfg = Release|Any CPU
		{704C003A-CD7B-4C4E-9E93-5421F3FE05E7}.Release|Any CPU.Build.0 = Release|Any CPU
		{DC9699B1-B851-43D8-9B79-AA7B3CAEB491}.Debug|Any CPU.ActiveCfg = Debug|Any CPU
		{DC9699B1-B851-43D8-9B79-AA7B3CAEB491}.Debug|Any CPU.Build.0 = Debug|Any CPU
		{DC9699B1-B851-43D8-9B79-AA7B3CAEB491}.Release|Any CPU.ActiveCfg = Release|Any CPU
		{DC9699B1-B851-43D8-9B79-AA7B3CAEB491}.Release|Any CPU.Build.0 = Release|Any CPU
		{3228B065-E0DD-4369-9B11-122B4DE29178}.Debug|Any CPU.ActiveCfg = Debug|Any CPU
		{3228B065-E0DD-4369-9B11-122B4DE29178}.Debug|Any CPU.Build.0 = Debug|Any CPU
		{3228B065-E0DD-4369-9B11-122B4DE29178}.Release|Any CPU.ActiveCfg = Release|Any CPU
		{3228B065-E0DD-4369-9B11-122B4DE29178}.Release|Any CPU.Build.0 = Release|Any CPU
	EndGlobalSection
	GlobalSection(NestedProjects) = preSolution
	EndGlobalSection
EndGlobal
